
Microsoft Visual Studio Solution File, Format Version 12.00
# Visual Studio Version 17
VisualStudioVersion = 17.11.35312.102
MinimumVisualStudioVersion = 10.0.40219.1
Project("{FAE04EC0-301F-11D3-BF4B-00C04F79EFBC}") = "TCPServer", "TCPServer\TCPServer.csproj", "{3755B823-63BF-4603-832E-253AAAA328DA}"
EndProject
Global
	GlobalSection(SolutionConfigurationPlatforms) = preSolution
		Debug|Any CPU = Debug|Any CPU
		Release|Any CPU = Release|Any CPU
	EndGlobalSection
	GlobalSection(ProjectConfigurationPlatforms) = postSolution
		{3755B823-63BF-4603-832E-253AAAA328DA}.Debug|Any CPU.ActiveCfg = Debug|Any CPU
		{3755B823-63BF-4603-832E-253AAAA328DA}.Debug|Any CPU.Build.0 = Debug|Any CPU
		{3755B823-63BF-4603-832E-253AAAA328DA}.Release|Any CPU.ActiveCfg = Release|Any CPU
		{3755B823-63BF-4603-832E-253AAAA328DA}.Release|Any CPU.Build.0 = Release|Any CPU
	EndGlobalSection
	GlobalSection(SolutionProperties) = preSolution
		HideSolutionNode = FALSE
	EndGlobalSection
	GlobalSection(ExtensibilityGlobals) = postSolution
		SolutionGuid = {F8344471-96BD-4DCF-9EE0-BAC1AAA73ED4}
	EndGlobalSection
EndGlobal
